
Microsoft Visual Studio Solution File, Format Version 12.00
# Visual Studio Version 17
VisualStudioVersion = 17.5.002.0
MinimumVisualStudioVersion = 10.0.40219.1
Project("{9A19103F-16F7-4668-BE54-9A1E7A4F7556}") = "urlShortener", "urlShortener.csproj", "{1487B64D-1A6D-4AF2-AB16-0B2EB724411D}"
EndProject
Global
	GlobalSection(SolutionConfigurationPlatforms) = preSolution
		Debug|Any CPU = Debug|Any CPU
		Release|Any CPU = Release|Any CPU
	EndGlobalSection
	GlobalSection(ProjectConfigurationPlatforms) = postSolution
		{1487B64D-1A6D-4AF2-AB16-0B2EB724411D}.Debug|Any CPU.ActiveCfg = Debug|Any CPU
		{1487B64D-1A6D-4AF2-AB16-0B2EB724411D}.Debug|Any CPU.Build.0 = Debug|Any CPU
		{1487B64D-1A6D-4AF2-AB16-0B2EB724411D}.Release|Any CPU.ActiveCfg = Release|Any CPU
		{1487B64D-1A6D-4AF2-AB16-0B2EB724411D}.Release|Any CPU.Build.0 = Release|Any CPU
	EndGlobalSection
	GlobalSection(SolutionProperties) = preSolution
		HideSolutionNode = FALSE
	EndGlobalSection
	GlobalSection(ExtensibilityGlobals) = postSolution
		SolutionGuid = {E5117632-2372-4968-8F23-AC1C2DDAC09C}
	EndGlobalSection
EndGlobal
